# THIS IS AN AUTOGENERATED FILE. DO NOT EDIT THIS FILE DIRECTLY.
# yarn lockfile v1


n@^9.2.0:
  version "9.2.0"
  resolved "https://registry.yarnpkg.com/n/-/n-9.2.0.tgz#da10edfaa2d48c7babf3ebe7cf77000fed2e8f13"
  integrity sha512-R8mFN2OWwNVc+r1f9fDzcT34DnDwUIHskrpTesZ6SdluaXBBnRtTu5tlfaSPloBi1Z/eGJoPO9nhyawWPad5UQ==
